// !$*UTF8*$!
{
	archiveVersion = 1;
	classes = {
	};
	objectVersion = 56;
	objects = {

/* Begin PBXBuildFile section */
		8B6C2E462A81C4CD00BE1CCC /* WeatherViewController.swift in Sources */ = {isa = PBXBuildFile; fileRef = 8B6C2E452A81C4CD00BE1CCC /* WeatherViewController.swift */; };
		8B6C2E482A81E78500BE1CCC /* VideoViewController.swift in Sources */ = {isa = PBXBuildFile; fileRef = 8B6C2E472A81E78500BE1CCC /* VideoViewController.swift */; };
		8B6C2E7B2A83230B00BE1CCC /* VideoTableViewCell.swift in Sources */ = {isa = PBXBuildFile; fileRef = 8B6C2E7A2A83230B00BE1CCC /* VideoTableViewCell.swift */; };
		8B6C2E8F2A84FFE800BE1CCC /* TranslationPickerViewController.swift in Sources */ = {isa = PBXBuildFile; fileRef = 8B6C2E8E2A84FFE800BE1CCC /* TranslationPickerViewController.swift */; };
		8B6C2E912A85BAA400BE1CCC /* ReusableViewProtocol.swift in Sources */ = {isa = PBXBuildFile; fileRef = 8B6C2E902A85BAA400BE1CCC /* ReusableViewProtocol.swift */; };
		8B6C2E932A85BCFC00BE1CCC /* UserDefaultsHelper.swift in Sources */ = {isa = PBXBuildFile; fileRef = 8B6C2E922A85BCFC00BE1CCC /* UserDefaultsHelper.swift */; };
		8B6C2E972A85C53600BE1CCC /* Endpoint.swift in Sources */ = {isa = PBXBuildFile; fileRef = 8B6C2E962A85C53600BE1CCC /* Endpoint.swift */; };
		8B6C2E992A85C5CB00BE1CCC /* URL+Extension.swift in Sources */ = {isa = PBXBuildFile; fileRef = 8B6C2E982A85C5CB00BE1CCC /* URL+Extension.swift */; };
		8B6C2E9B2A85C77C00BE1CCC /* KakaoAPIManager.swift in Sources */ = {isa = PBXBuildFile; fileRef = 8B6C2E9A2A85C77C00BE1CCC /* KakaoAPIManager.swift */; };
		8B90BBB92A80967D00A3A87B /* AppDelegate.swift in Sources */ = {isa = PBXBuildFile; fileRef = 8B90BBB82A80967D00A3A87B /* AppDelegate.swift */; };
		8B90BBBB2A80967D00A3A87B /* SceneDelegate.swift in Sources */ = {isa = PBXBuildFile; fileRef = 8B90BBBA2A80967D00A3A87B /* SceneDelegate.swift */; };
		8B90BBBD2A80967D00A3A87B /* ViewController.swift in Sources */ = {isa = PBXBuildFile; fileRef = 8B90BBBC2A80967D00A3A87B /* ViewController.swift */; };
		8B90BBC02A80967D00A3A87B /* Main.storyboard in Resources */ = {isa = PBXBuildFile; fileRef = 8B90BBBE2A80967D00A3A87B /* Main.storyboard */; };
		8B90BBC22A80967E00A3A87B /* Assets.xcassets in Resources */ = {isa = PBXBuildFile; fileRef = 8B90BBC12A80967E00A3A87B /* Assets.xcassets */; };
		8B90BBC52A80967E00A3A87B /* LaunchScreen.storyboard in Resources */ = {isa = PBXBuildFile; fileRef = 8B90BBC32A80967E00A3A87B /* LaunchScreen.storyboard */; };
		8B90BBCE2A8096BE00A3A87B /* Alamofire in Frameworks */ = {isa = PBXBuildFile; productRef = 8B90BBCD2A8096BE00A3A87B /* Alamofire */; };
		8B90BBD12A8096CC00A3A87B /* SwiftyJSON in Frameworks */ = {isa = PBXBuildFile; productRef = 8B90BBD02A8096CC00A3A87B /* SwiftyJSON */; };
		8B90BBD42A8096D500A3A87B /* Kingfisher in Frameworks */ = {isa = PBXBuildFile; productRef = 8B90BBD32A8096D500A3A87B /* Kingfisher */; };
		8B90BBD62A809BA100A3A87B /* .gitignore in Resources */ = {isa = PBXBuildFile; fileRef = 8B90BBD52A809BA100A3A87B /* .gitignore */; };
		8B90BBD82A809C2F00A3A87B /* TranslationViewController.swift in Sources */ = {isa = PBXBuildFile; fileRef = 8B90BBD72A809C2F00A3A87B /* TranslationViewController.swift */; };
		8B90BBDA2A809C5F00A3A87B /* APIKey.swift in Sources */ = {isa = PBXBuildFile; fileRef = 8B90BBD92A809C5F00A3A87B /* APIKey.swift */; };
		8BAA10EA2A8A022700A25624 /* BoxOfficeData.swift in Sources */ = {isa = PBXBuildFile; fileRef = 8BAA10E92A8A022700A25624 /* BoxOfficeData.swift */; };
		8BD528942A85E365003C031B /* TranslateAPIManager.swift in Sources */ = {isa = PBXBuildFile; fileRef = 8BD528932A85E365003C031B /* TranslateAPIManager.swift */; };
		8BD528962A85F9EE003C031B /* AsyncViewController.swift in Sources */ = {isa = PBXBuildFile; fileRef = 8BD528952A85F9EE003C031B /* AsyncViewController.swift */; };
/* End PBXBuildFile section */

/* Begin PBXFileReference section */
		8B6C2E452A81C4CD00BE1CCC /* WeatherViewController.swift */ = {isa = PBXFileReference; lastKnownFileType = sourcecode.swift; path = WeatherViewController.swift; sourceTree = "<group>"; };
		8B6C2E472A81E78500BE1CCC /* VideoViewController.swift */ = {isa = PBXFileReference; lastKnownFileType = sourcecode.swift; path = VideoViewController.swift; sourceTree = "<group>"; };
		8B6C2E7A2A83230B00BE1CCC /* VideoTableViewCell.swift */ = {isa = PBXFileReference; lastKnownFileType = sourcecode.swift; path = VideoTableViewCell.swift; sourceTree = "<group>"; };
		8B6C2E8E2A84FFE800BE1CCC /* TranslationPickerViewController.swift */ = {isa = PBXFileReference; lastKnownFileType = sourcecode.swift; path = TranslationPickerViewController.swift; sourceTree = SOURCE_ROOT; };
		8B6C2E902A85BAA400BE1CCC /* ReusableViewProtocol.swift */ = {isa = PBXFileReference; lastKnownFileType = sourcecode.swift; path = ReusableViewProtocol.swift; sourceTree = "<group>"; };
		8B6C2E922A85BCFC00BE1CCC /* UserDefaultsHelper.swift */ = {isa = PBXFileReference; lastKnownFileType = sourcecode.swift; path = UserDefaultsHelper.swift; sourceTree = "<group>"; };
		8B6C2E962A85C53600BE1CCC /* Endpoint.swift */ = {isa = PBXFileReference; lastKnownFileType = sourcecode.swift; path = Endpoint.swift; sourceTree = "<group>"; };
		8B6C2E982A85C5CB00BE1CCC /* URL+Extension.swift */ = {isa = PBXFileReference; lastKnownFileType = sourcecode.swift; path = "URL+Extension.swift"; sourceTree = "<group>"; };
		8B6C2E9A2A85C77C00BE1CCC /* KakaoAPIManager.swift */ = {isa = PBXFileReference; lastKnownFileType = sourcecode.swift; path = KakaoAPIManager.swift; sourceTree = "<group>"; };
		8B90BBB52A80967D00A3A87B /* SeSACWeek4.app */ = {isa = PBXFileReference; explicitFileType = wrapper.application; includeInIndex = 0; path = SeSACWeek4.app; sourceTree = BUILT_PRODUCTS_DIR; };
		8B90BBB82A80967D00A3A87B /* AppDelegate.swift */ = {isa = PBXFileReference; lastKnownFileType = sourcecode.swift; path = AppDelegate.swift; sourceTree = "<group>"; };
		8B90BBBA2A80967D00A3A87B /* SceneDelegate.swift */ = {isa = PBXFileReference; lastKnownFileType = sourcecode.swift; path = SceneDelegate.swift; sourceTree = "<group>"; };
		8B90BBBC2A80967D00A3A87B /* ViewController.swift */ = {isa = PBXFileReference; lastKnownFileType = sourcecode.swift; path = ViewController.swift; sourceTree = "<group>"; };
		8B90BBBF2A80967D00A3A87B /* Base */ = {isa = PBXFileReference; lastKnownFileType = file.storyboard; name = Base; path = Base.lproj/Main.storyboard; sourceTree = "<group>"; };
		8B90BBC12A80967E00A3A87B /* Assets.xcassets */ = {isa = PBXFileReference; lastKnownFileType = folder.assetcatalog; path = Assets.xcassets; sourceTree = "<group>"; };
		8B90BBC42A80967E00A3A87B /* Base */ = {isa = PBXFileReference; lastKnownFileType = file.storyboard; name = Base; path = Base.lproj/LaunchScreen.storyboard; sourceTree = "<group>"; };
		8B90BBC62A80967E00A3A87B /* Info.plist */ = {isa = PBXFileReference; lastKnownFileType = text.plist.xml; path = Info.plist; sourceTree = "<group>"; };
		8B90BBD52A809BA100A3A87B /* .gitignore */ = {isa = PBXFileReference; lastKnownFileType = text; path = .gitignore; sourceTree = SOURCE_ROOT; };
		8B90BBD72A809C2F00A3A87B /* TranslationViewController.swift */ = {isa = PBXFileReference; lastKnownFileType = sourcecode.swift; path = TranslationViewController.swift; sourceTree = "<group>"; };
		8B90BBD92A809C5F00A3A87B /* APIKey.swift */ = {isa = PBXFileReference; lastKnownFileType = sourcecode.swift; path = APIKey.swift; sourceTree = "<group>"; };
		8BAA10E92A8A022700A25624 /* BoxOfficeData.swift */ = {isa = PBXFileReference; lastKnownFileType = sourcecode.swift; path = BoxOfficeData.swift; sourceTree = "<group>"; };
		8BD528932A85E365003C031B /* TranslateAPIManager.swift */ = {isa = PBXFileReference; lastKnownFileType = sourcecode.swift; path = TranslateAPIManager.swift; sourceTree = SOURCE_ROOT; };
		8BD528952A85F9EE003C031B /* AsyncViewController.swift */ = {isa = PBXFileReference; lastKnownFileType = sourcecode.swift; path = AsyncViewController.swift; sourceTree = "<group>"; };
/* End PBXFileReference section */

/* Begin PBXFrameworksBuildPhase section */
		8B90BBB22A80967D00A3A87B /* Frameworks */ = {
			isa = PBXFrameworksBuildPhase;
			buildActionMask = 2147483647;
			files = (
				8B90BBD42A8096D500A3A87B /* Kingfisher in Frameworks */,
				8B90BBD12A8096CC00A3A87B /* SwiftyJSON in Frameworks */,
				8B90BBCE2A8096BE00A3A87B /* Alamofire in Frameworks */,
			);
			runOnlyForDeploymentPostprocessing = 0;
		};
/* End PBXFrameworksBuildPhase section */

/* Begin PBXGroup section */
		8B90BBAC2A80967D00A3A87B = {
			isa = PBXGroup;
			children = (
				8B90BBB72A80967D00A3A87B /* SeSACWeek4 */,
				8B90BBB62A80967D00A3A87B /* Products */,
			);
			sourceTree = "<group>";
		};
		8B90BBB62A80967D00A3A87B /* Products */ = {
			isa = PBXGroup;
			children = (
				8B90BBB52A80967D00A3A87B /* SeSACWeek4.app */,
			);
			name = Products;
			sourceTree = "<group>";
		};
		8B90BBB72A80967D00A3A87B /* SeSACWeek4 */ = {
			isa = PBXGroup;
			children = (
				8BD528932A85E365003C031B /* TranslateAPIManager.swift */,
				8B6C2E8E2A84FFE800BE1CCC /* TranslationPickerViewController.swift */,
				8B90BBD52A809BA100A3A87B /* .gitignore */,
				8B90BBD72A809C2F00A3A87B /* TranslationViewController.swift */,
				8B90BBD92A809C5F00A3A87B /* APIKey.swift */,
				8B90BBB82A80967D00A3A87B /* AppDelegate.swift */,
				8B90BBBA2A80967D00A3A87B /* SceneDelegate.swift */,
				8B90BBBC2A80967D00A3A87B /* ViewController.swift */,
				8BAA10E92A8A022700A25624 /* BoxOfficeData.swift */,
				8B90BBBE2A80967D00A3A87B /* Main.storyboard */,
				8BD528952A85F9EE003C031B /* AsyncViewController.swift */,
				8B6C2E902A85BAA400BE1CCC /* ReusableViewProtocol.swift */,
				8B6C2E962A85C53600BE1CCC /* Endpoint.swift */,
				8B6C2E9A2A85C77C00BE1CCC /* KakaoAPIManager.swift */,
				8B6C2E982A85C5CB00BE1CCC /* URL+Extension.swift */,
				8B6C2E472A81E78500BE1CCC /* VideoViewController.swift */,
				8B6C2E922A85BCFC00BE1CCC /* UserDefaultsHelper.swift */,
				8B6C2E7A2A83230B00BE1CCC /* VideoTableViewCell.swift */,
				8B6C2E452A81C4CD00BE1CCC /* WeatherViewController.swift */,
				8B90BBC12A80967E00A3A87B /* Assets.xcassets */,
				8B90BBC32A80967E00A3A87B /* LaunchScreen.storyboard */,
				8B90BBC62A80967E00A3A87B /* Info.plist */,
			);
			path = SeSACWeek4;
			sourceTree = "<group>";
		};
/* End PBXGroup section */

/* Begin PBXNativeTarget section */
		8B90BBB42A80967D00A3A87B /* SeSACWeek4 */ = {
			isa = PBXNativeTarget;
			buildConfigurationList = 8B90BBC92A80967E00A3A87B /* Build configuration list for PBXNativeTarget "SeSACWeek4" */;
			buildPhases = (
				8B90BBB12A80967D00A3A87B /* Sources */,
				8B90BBB22A80967D00A3A87B /* Frameworks */,
				8B90BBB32A80967D00A3A87B /* Resources */,
			);
			buildRules = (
			);
			dependencies = (
			);
			name = SeSACWeek4;
			packageProductDependencies = (
				8B90BBCD2A8096BE00A3A87B /* Alamofire */,
				8B90BBD02A8096CC00A3A87B /* SwiftyJSON */,
				8B90BBD32A8096D500A3A87B /* Kingfisher */,
			);
			productName = SeSACWeek4;
			productReference = 8B90BBB52A80967D00A3A87B /* SeSACWeek4.app */;
			productType = "com.apple.product-type.application";
		};
/* End PBXNativeTarget section */

/* Begin PBXProject section */
		8B90BBAD2A80967D00A3A87B /* Project object */ = {
			isa = PBXProject;
			attributes = {
				BuildIndependentTargetsInParallel = 1;
				LastSwiftUpdateCheck = 1430;
				LastUpgradeCheck = 1430;
				TargetAttributes = {
					8B90BBB42A80967D00A3A87B = {
						CreatedOnToolsVersion = 14.3.1;
					};
				};
			};
			buildConfigurationList = 8B90BBB02A80967D00A3A87B /* Build configuration list for PBXProject "SeSACWeek4" */;
			compatibilityVersion = "Xcode 14.0";
			developmentRegion = en;
			hasScannedForEncodings = 0;
			knownRegions = (
				en,
				Base,
			);
			mainGroup = 8B90BBAC2A80967D00A3A87B;
			packageReferences = (
				8B90BBCC2A8096BE00A3A87B /* XCRemoteSwiftPackageReference "Alamofire" */,
				8B90BBCF2A8096CC00A3A87B /* XCRemoteSwiftPackageReference "SwiftyJSON" */,
				8B90BBD22A8096D500A3A87B /* XCRemoteSwiftPackageReference "Kingfisher" */,
			);
			productRefGroup = 8B90BBB62A80967D00A3A87B /* Products */;
			projectDirPath = "";
			projectRoot = "";
			targets = (
				8B90BBB42A80967D00A3A87B /* SeSACWeek4 */,
			);
		};
/* End PBXProject section */

/* Begin PBXResourcesBuildPhase section */
		8B90BBB32A80967D00A3A87B /* Resources */ = {
			isa = PBXResourcesBuildPhase;
			buildActionMask = 2147483647;
			files = (
				8B90BBD62A809BA100A3A87B /* .gitignore in Resources */,
				8B90BBC52A80967E00A3A87B /* LaunchScreen.storyboard in Resources */,
				8B90BBC22A80967E00A3A87B /* Assets.xcassets in Resources */,
				8B90BBC02A80967D00A3A87B /* Main.storyboard in Resources */,
			);
			runOnlyForDeploymentPostprocessing = 0;
		};
/* End PBXResourcesBuildPhase section */

/* Begin PBXSourcesBuildPhase section */
		8B90BBB12A80967D00A3A87B /* Sources */ = {
			isa = PBXSourcesBuildPhase;
			buildActionMask = 2147483647;
			files = (
				8B90BBD82A809C2F00A3A87B /* TranslationViewController.swift in Sources */,
				8BD528962A85F9EE003C031B /* AsyncViewController.swift in Sources */,
				8B6C2E912A85BAA400BE1CCC /* ReusableViewProtocol.swift in Sources */,
				8B6C2E482A81E78500BE1CCC /* VideoViewController.swift in Sources */,
				8B6C2E462A81C4CD00BE1CCC /* WeatherViewController.swift in Sources */,
				8B6C2E9B2A85C77C00BE1CCC /* KakaoAPIManager.swift in Sources */,
				8B90BBBD2A80967D00A3A87B /* ViewController.swift in Sources */,
				8B90BBB92A80967D00A3A87B /* AppDelegate.swift in Sources */,
				8B6C2E7B2A83230B00BE1CCC /* VideoTableViewCell.swift in Sources */,
				8BAA10EA2A8A022700A25624 /* BoxOfficeData.swift in Sources */,
				8B6C2E932A85BCFC00BE1CCC /* UserDefaultsHelper.swift in Sources */,
				8B6C2E992A85C5CB00BE1CCC /* URL+Extension.swift in Sources */,
				8B90BBBB2A80967D00A3A87B /* SceneDelegate.swift in Sources */,
				8B90BBDA2A809C5F00A3A87B /* APIKey.swift in Sources */,
				8BD528942A85E365003C031B /* TranslateAPIManager.swift in Sources */,
				8B6C2E972A85C53600BE1CCC /* Endpoint.swift in Sources */,
				8B6C2E8F2A84FFE800BE1CCC /* TranslationPickerViewController.swift in Sources */,
			);
			runOnlyForDeploymentPostprocessing = 0;
		};
/* End PBXSourcesBuildPhase section */

/* Begin PBXVariantGroup section */
		8B90BBBE2A80967D00A3A87B /* Main.storyboard */ = {
			isa = PBXVariantGroup;
			children = (
				8B90BBBF2A80967D00A3A87B /* Base */,
			);
			name = Main.storyboard;
			sourceTree = "<group>";
		};
		8B90BBC32A80967E00A3A87B /* LaunchScreen.storyboard */ = {
			isa = PBXVariantGroup;
			children = (
				8B90BBC42A80967E00A3A87B /* Base */,
			);
			name = LaunchScreen.storyboard;
			sourceTree = "<group>";
		};
/* End PBXVariantGroup section */

/* Begin XCBuildConfiguration section */
		8B90BBC72A80967E00A3A87B /* Debug */ = {
			isa = XCBuildConfiguration;
			buildSettings = {
				ALWAYS_SEARCH_USER_PATHS = NO;
				CLANG_ANALYZER_NONNULL = YES;
				CLANG_ANALYZER_NUMBER_OBJECT_CONVERSION = YES_AGGRESSIVE;
				CLANG_CXX_LANGUAGE_STANDARD = "gnu++20";
				CLANG_ENABLE_MODULES = YES;
				CLANG_ENABLE_OBJC_ARC = YES;
				CLANG_ENABLE_OBJC_WEAK = YES;
				CLANG_WARN_BLOCK_CAPTURE_AUTORELEASING = YES;
				CLANG_WARN_BOOL_CONVERSION = YES;
				CLANG_WARN_COMMA = YES;
				CLANG_WARN_CONSTANT_CONVERSION = YES;
				CLANG_WARN_DEPRECATED_OBJC_IMPLEMENTATIONS = YES;
				CLANG_WARN_DIRECT_OBJC_ISA_USAGE = YES_ERROR;
				CLANG_WARN_DOCUMENTATION_COMMENTS = YES;
				CLANG_WARN_EMPTY_BODY = YES;
				CLANG_WARN_ENUM_CONVERSION = YES;
				CLANG_WARN_INFINITE_RECURSION = YES;
				CLANG_WARN_INT_CONVERSION = YES;
				CLANG_WARN_NON_LITERAL_NULL_CONVERSION = YES;
				CLANG_WARN_OBJC_IMPLICIT_RETAIN_SELF = YES;
				CLANG_WARN_OBJC_LITERAL_CONVERSION = YES;
				CLANG_WARN_OBJC_ROOT_CLASS = YES_ERROR;
				CLANG_WARN_QUOTED_INCLUDE_IN_FRAMEWORK_HEADER = YES;
				CLANG_WARN_RANGE_LOOP_ANALYSIS = YES;
				CLANG_WARN_STRICT_PROTOTYPES = YES;
				CLANG_WARN_SUSPICIOUS_MOVE = YES;
				CLANG_WARN_UNGUARDED_AVAILABILITY = YES_AGGRESSIVE;
				CLANG_WARN_UNREACHABLE_CODE = YES;
				CLANG_WARN__DUPLICATE_METHOD_MATCH = YES;
				COPY_PHASE_STRIP = NO;
				DEBUG_INFORMATION_FORMAT = dwarf;
				ENABLE_STRICT_OBJC_MSGSEND = YES;
				ENABLE_TESTABILITY = YES;
				GCC_C_LANGUAGE_STANDARD = gnu11;
				GCC_DYNAMIC_NO_PIC = NO;
				GCC_NO_COMMON_BLOCKS = YES;
				GCC_OPTIMIZATION_LEVEL = 0;
				GCC_PREPROCESSOR_DEFINITIONS = (
					"DEBUG=1",
					"$(inherited)",
				);
				GCC_WARN_64_TO_32_BIT_CONVERSION = YES;
				GCC_WARN_ABOUT_RETURN_TYPE = YES_ERROR;
				GCC_WARN_UNDECLARED_SELECTOR = YES;
				GCC_WARN_UNINITIALIZED_AUTOS = YES_AGGRESSIVE;
				GCC_WARN_UNUSED_FUNCTION = YES;
				GCC_WARN_UNUSED_VARIABLE = YES;
				IPHONEOS_DEPLOYMENT_TARGET = 16.4;
				MTL_ENABLE_DEBUG_INFO = INCLUDE_SOURCE;
				MTL_FAST_MATH = YES;
				ONLY_ACTIVE_ARCH = YES;
				SDKROOT = iphoneos;
				SWIFT_ACTIVE_COMPILATION_CONDITIONS = DEBUG;
				SWIFT_OPTIMIZATION_LEVEL = "-Onone";
			};
			name = Debug;
		};
		8B90BBC82A80967E00A3A87B /* Release */ = {
			isa = XCBuildConfiguration;
			buildSettings = {
				ALWAYS_SEARCH_USER_PATHS = NO;
				CLANG_ANALYZER_NONNULL = YES;
				CLANG_ANALYZER_NUMBER_OBJECT_CONVERSION = YES_AGGRESSIVE;
				CLANG_CXX_LANGUAGE_STANDARD = "gnu++20";
				CLANG_ENABLE_MODULES = YES;
				CLANG_ENABLE_OBJC_ARC = YES;
				CLANG_ENABLE_OBJC_WEAK = YES;
				CLANG_WARN_BLOCK_CAPTURE_AUTORELEASING = YES;
				CLANG_WARN_BOOL_CONVERSION = YES;
				CLANG_WARN_COMMA = YES;
				CLANG_WARN_CONSTANT_CONVERSION = YES;
				CLANG_WARN_DEPRECATED_OBJC_IMPLEMENTATIONS = YES;
				CLANG_WARN_DIRECT_OBJC_ISA_USAGE = YES_ERROR;
				CLANG_WARN_DOCUMENTATION_COMMENTS = YES;
				CLANG_WARN_EMPTY_BODY = YES;
				CLANG_WARN_ENUM_CONVERSION = YES;
				CLANG_WARN_INFINITE_RECURSION = YES;
				CLANG_WARN_INT_CONVERSION = YES;
				CLANG_WARN_NON_LITERAL_NULL_CONVERSION = YES;
				CLANG_WARN_OBJC_IMPLICIT_RETAIN_SELF = YES;
				CLANG_WARN_OBJC_LITERAL_CONVERSION = YES;
				CLANG_WARN_OBJC_ROOT_CLASS = YES_ERROR;
				CLANG_WARN_QUOTED_INCLUDE_IN_FRAMEWORK_HEADER = YES;
				CLANG_WARN_RANGE_LOOP_ANALYSIS = YES;
				CLANG_WARN_STRICT_PROTOTYPES = YES;
				CLANG_WARN_SUSPICIOUS_MOVE = YES;
				CLANG_WARN_UNGUARDED_AVAILABILITY = YES_AGGRESSIVE;
				CLANG_WARN_UNREACHABLE_CODE = YES;
				CLANG_WARN__DUPLICATE_METHOD_MATCH = YES;
				COPY_PHASE_STRIP = NO;
				DEBUG_INFORMATION_FORMAT = "dwarf-with-dsym";
				ENABLE_NS_ASSERTIONS = NO;
				ENABLE_STRICT_OBJC_MSGSEND = YES;
				GCC_C_LANGUAGE_STANDARD = gnu11;
				GCC_NO_COMMON_BLOCKS = YES;
				GCC_WARN_64_TO_32_BIT_CONVERSION = YES;
				GCC_WARN_ABOUT_RETURN_TYPE = YES_ERROR;
				GCC_WARN_UNDECLARED_SELECTOR = YES;
				GCC_WARN_UNINITIALIZED_AUTOS = YES_AGGRESSIVE;
				GCC_WARN_UNUSED_FUNCTION = YES;
				GCC_WARN_UNUSED_VARIABLE = YES;
				IPHONEOS_DEPLOYMENT_TARGET = 16.4;
				MTL_ENABLE_DEBUG_INFO = NO;
				MTL_FAST_MATH = YES;
				SDKROOT = iphoneos;
				SWIFT_COMPILATION_MODE = wholemodule;
				SWIFT_OPTIMIZATION_LEVEL = "-O";
				VALIDATE_PRODUCT = YES;
			};
			name = Release;
		};
		8B90BBCA2A80967E00A3A87B /* Debug */ = {
			isa = XCBuildConfiguration;
			buildSettings = {
				ASSETCATALOG_COMPILER_APPICON_NAME = AppIcon;
				ASSETCATALOG_COMPILER_GLOBAL_ACCENT_COLOR_NAME = AccentColor;
				CODE_SIGN_STYLE = Automatic;
				CURRENT_PROJECT_VERSION = 1;
				GENERATE_INFOPLIST_FILE = YES;
				INFOPLIST_FILE = SeSACWeek4/Info.plist;
				INFOPLIST_KEY_UIApplicationSupportsIndirectInputEvents = YES;
				INFOPLIST_KEY_UILaunchStoryboardName = LaunchScreen;
				INFOPLIST_KEY_UIMainStoryboardFile = Main;
				INFOPLIST_KEY_UISupportedInterfaceOrientations_iPad = "UIInterfaceOrientationPortrait UIInterfaceOrientationPortraitUpsideDown UIInterfaceOrientationLandscapeLeft UIInterfaceOrientationLandscapeRight";
				INFOPLIST_KEY_UISupportedInterfaceOrientations_iPhone = "UIInterfaceOrientationPortrait UIInterfaceOrientationLandscapeLeft UIInterfaceOrientationLandscapeRight";
				LD_RUNPATH_SEARCH_PATHS = (
					"$(inherited)",
					"@executable_path/Frameworks",
				);
				MARKETING_VERSION = 1.0;
				PRODUCT_BUNDLE_IDENTIFIER = com.SoomanHong.SeSACWeek4;
				PRODUCT_NAME = "$(TARGET_NAME)";
				SWIFT_EMIT_LOC_STRINGS = YES;
				SWIFT_VERSION = 5.0;
				TARGETED_DEVICE_FAMILY = "1,2";
			};
			name = Debug;
		};
		8B90BBCB2A80967E00A3A87B /* Release */ = {
			isa = XCBuildConfiguration;
			buildSettings = {
				ASSETCATALOG_COMPILER_APPICON_NAME = AppIcon;
				ASSETCATALOG_COMPILER_GLOBAL_ACCENT_COLOR_NAME = AccentColor;
				CODE_SIGN_STYLE = Automatic;
				CURRENT_PROJECT_VERSION = 1;
				GENERATE_INFOPLIST_FILE = YES;
				INFOPLIST_FILE = SeSACWeek4/Info.plist;
				INFOPLIST_KEY_UIApplicationSupportsIndirectInputEvents = YES;
				INFOPLIST_KEY_UILaunchStoryboardName = LaunchScreen;
				INFOPLIST_KEY_UIMainStoryboardFile = Main;
				INFOPLIST_KEY_UISupportedInterfaceOrientations_iPad = "UIInterfaceOrientationPortrait UIInterfaceOrientationPortraitUpsideDown UIInterfaceOrientationLandscapeLeft UIInterfaceOrientationLandscapeRight";
				INFOPLIST_KEY_UISupportedInterfaceOrientations_iPhone = "UIInterfaceOrientationPortrait UIInterfaceOrientationLandscapeLeft UIInterfaceOrientationLandscapeRight";
				LD_RUNPATH_SEARCH_PATHS = (
					"$(inherited)",
					"@executable_path/Frameworks",
				);
				MARKETING_VERSION = 1.0;
				PRODUCT_BUNDLE_IDENTIFIER = com.SoomanHong.SeSACWeek4;
				PRODUCT_NAME = "$(TARGET_NAME)";
				SWIFT_EMIT_LOC_STRINGS = YES;
				SWIFT_VERSION = 5.0;
				TARGETED_DEVICE_FAMILY = "1,2";
			};
			name = Release;
		};
/* End XCBuildConfiguration section */

/* Begin XCConfigurationList section */
		8B90BBB02A80967D00A3A87B /* Build configuration list for PBXProject "SeSACWeek4" */ = {
			isa = XCConfigurationList;
			buildConfigurations = (
				8B90BBC72A80967E00A3A87B /* Debug */,
				8B90BBC82A80967E00A3A87B /* Release */,
			);
			defaultConfigurationIsVisible = 0;
			defaultConfigurationName = Release;
		};
		8B90BBC92A80967E00A3A87B /* Build configuration list for PBXNativeTarget "SeSACWeek4" */ = {
			isa = XCConfigurationList;
			buildConfigurations = (
				8B90BBCA2A80967E00A3A87B /* Debug */,
				8B90BBCB2A80967E00A3A87B /* Release */,
			);
			defaultConfigurationIsVisible = 0;
			defaultConfigurationName = Release;
		};
/* End XCConfigurationList section */

/* Begin XCRemoteSwiftPackageReference section */
		8B90BBCC2A8096BE00A3A87B /* XCRemoteSwiftPackageReference "Alamofire" */ = {
			isa = XCRemoteSwiftPackageReference;
			repositoryURL = "https://github.com/Alamofire/Alamofire";
			requirement = {
				kind = upToNextMajorVersion;
				minimumVersion = 5.0.0;
			};
		};
		8B90BBCF2A8096CC00A3A87B /* XCRemoteSwiftPackageReference "SwiftyJSON" */ = {
			isa = XCRemoteSwiftPackageReference;
			repositoryURL = "https://github.com/SwiftyJSON/SwiftyJSON.git";
			requirement = {
				kind = upToNextMajorVersion;
				minimumVersion = 5.0.0;
			};
		};
		8B90BBD22A8096D500A3A87B /* XCRemoteSwiftPackageReference "Kingfisher" */ = {
			isa = XCRemoteSwiftPackageReference;
			repositoryURL = "https://github.com/onevcat/Kingfisher.git";
			requirement = {
				kind = upToNextMajorVersion;
				minimumVersion = 7.0.0;
			};
		};
/* End XCRemoteSwiftPackageReference section */

/* Begin XCSwiftPackageProductDependency section */
		8B90BBCD2A8096BE00A3A87B /* Alamofire */ = {
			isa = XCSwiftPackageProductDependency;
			package = 8B90BBCC2A8096BE00A3A87B /* XCRemoteSwiftPackageReference "Alamofire" */;
			productName = Alamofire;
		};
		8B90BBD02A8096CC00A3A87B /* SwiftyJSON */ = {
			isa = XCSwiftPackageProductDependency;
			package = 8B90BBCF2A8096CC00A3A87B /* XCRemoteSwiftPackageReference "SwiftyJSON" */;
			productName = SwiftyJSON;
		};
		8B90BBD32A8096D500A3A87B /* Kingfisher */ = {
			isa = XCSwiftPackageProductDependency;
			package = 8B90BBD22A8096D500A3A87B /* XCRemoteSwiftPackageReference "Kingfisher" */;
			productName = Kingfisher;
		};
/* End XCSwiftPackageProductDependency section */
	};
	rootObject = 8B90BBAD2A80967D00A3A87B /* Project object */;
}
